
Microsoft Visual Studio Solution File, Format Version 12.00
# Visual Studio Version 16
VisualStudioVersion = 16.0.31105.61
MinimumVisualStudioVersion = 10.0.40219.1
Project("{FAE04EC0-301F-11D3-BF4B-00C04F79EFBC}") = "Ejericio27", "Ejericio27\Ejericio27.csproj", "{F40CC370-6FC2-47E8-B82F-C48A92EAA41A}"
EndProject
Global
	GlobalSection(SolutionConfigurationPlatforms) = preSolution
		Debug|Any CPU = Debug|Any CPU
		Release|Any CPU = Release|Any CPU
	EndGlobalSection
	GlobalSection(ProjectConfigurationPlatforms) = postSolution
		{F40CC370-6FC2-47E8-B82F-C48A92EAA41A}.Debug|Any CPU.ActiveCfg = Debug|Any CPU
		{F40CC370-6FC2-47E8-B82F-C48A92EAA41A}.Debug|Any CPU.Build.0 = Debug|Any CPU
		{F40CC370-6FC2-47E8-B82F-C48A92EAA41A}.Release|Any CPU.ActiveCfg = Release|Any CPU
		{F40CC370-6FC2-47E8-B82F-C48A92EAA41A}.Release|Any CPU.Build.0 = Release|Any CPU
	EndGlobalSection
	GlobalSection(SolutionProperties) = preSolution
		HideSolutionNode = FALSE
	EndGlobalSection
	GlobalSection(ExtensibilityGlobals) = postSolution
		SolutionGuid = {7A73FC69-0524-4AC7-A8E7-3F97B8F78C1C}
	EndGlobalSection
EndGlobal
