
Microsoft Visual Studio Solution File, Format Version 12.00
# Visual Studio Version 16
VisualStudioVersion = 16.0.31402.337
MinimumVisualStudioVersion = 10.0.40219.1
Project("{FAE04EC0-301F-11D3-BF4B-00C04F79EFBC}") = "Entidades", "Entidades\Entidades.csproj", "{0394B37B-04D1-4030-9BBC-77F51FF4208D}"
EndProject
Global
	GlobalSection(SolutionConfigurationPlatforms) = preSolution
		Debug|Any CPU = Debug|Any CPU
		Release|Any CPU = Release|Any CPU
	EndGlobalSection
	GlobalSection(ProjectConfigurationPlatforms) = postSolution
		{0394B37B-04D1-4030-9BBC-77F51FF4208D}.Debug|Any CPU.ActiveCfg = Debug|Any CPU
		{0394B37B-04D1-4030-9BBC-77F51FF4208D}.Debug|Any CPU.Build.0 = Debug|Any CPU
		{0394B37B-04D1-4030-9BBC-77F51FF4208D}.Release|Any CPU.ActiveCfg = Release|Any CPU
		{0394B37B-04D1-4030-9BBC-77F51FF4208D}.Release|Any CPU.Build.0 = Release|Any CPU
	EndGlobalSection
	GlobalSection(SolutionProperties) = preSolution
		HideSolutionNode = FALSE
	EndGlobalSection
	GlobalSection(ExtensibilityGlobals) = postSolution
		SolutionGuid = {1F720448-D32F-4597-ADA6-9E408F3282E0}
	EndGlobalSection
EndGlobal
