
Microsoft Visual Studio Solution File, Format Version 12.00
# Visual Studio Version 16
VisualStudioVersion = 16.0.31105.61
MinimumVisualStudioVersion = 10.0.40219.1
Project("{FAE04EC0-301F-11D3-BF4B-00C04F79EFBC}") = "Laboratorio", "Laboratorio\Laboratorio.csproj", "{344B001F-B460-4648-9D0E-A9EE3096E4B0}"
EndProject
Project("{FAE04EC0-301F-11D3-BF4B-00C04F79EFBC}") = "ClassLibrary1", "ClassLibrary1\ClassLibrary1.csproj", "{4232B244-B11D-4E5B-81D5-BCC8FA9EBE9C}"
EndProject
Global
	GlobalSection(SolutionConfigurationPlatforms) = preSolution
		Debug|Any CPU = Debug|Any CPU
		Release|Any CPU = Release|Any CPU
	EndGlobalSection
	GlobalSection(ProjectConfigurationPlatforms) = postSolution
		{344B001F-B460-4648-9D0E-A9EE3096E4B0}.Debug|Any CPU.ActiveCfg = Debug|Any CPU
		{344B001F-B460-4648-9D0E-A9EE3096E4B0}.Debug|Any CPU.Build.0 = Debug|Any CPU
		{344B001F-B460-4648-9D0E-A9EE3096E4B0}.Release|Any CPU.ActiveCfg = Release|Any CPU
		{344B001F-B460-4648-9D0E-A9EE3096E4B0}.Release|Any CPU.Build.0 = Release|Any CPU
		{4232B244-B11D-4E5B-81D5-BCC8FA9EBE9C}.Debug|Any CPU.ActiveCfg = Debug|Any CPU
		{4232B244-B11D-4E5B-81D5-BCC8FA9EBE9C}.Debug|Any CPU.Build.0 = Debug|Any CPU
		{4232B244-B11D-4E5B-81D5-BCC8FA9EBE9C}.Release|Any CPU.ActiveCfg = Release|Any CPU
		{4232B244-B11D-4E5B-81D5-BCC8FA9EBE9C}.Release|Any CPU.Build.0 = Release|Any CPU
	EndGlobalSection
	GlobalSection(SolutionProperties) = preSolution
		HideSolutionNode = FALSE
	EndGlobalSection
	GlobalSection(ExtensibilityGlobals) = postSolution
		SolutionGuid = {9C7BEC93-FD78-44DE-ACAD-A4C72CA0A240}
	EndGlobalSection
EndGlobal
