
Microsoft Visual Studio Solution File, Format Version 12.00
# Visual Studio Version 16
VisualStudioVersion = 16.0.31205.134
MinimumVisualStudioVersion = 10.0.40219.1
Project("{FAE04EC0-301F-11D3-BF4B-00C04F79EFBC}") = "Generics", "Generics\Generics.csproj", "{9302C6D9-F975-4379-8597-E9878CCB6BCD}"
EndProject
Project("{FAE04EC0-301F-11D3-BF4B-00C04F79EFBC}") = "Test", "Test\Test.csproj", "{C6316872-54C0-4876-9E00-6499F2C563F9}"
EndProject
Global
	GlobalSection(SolutionConfigurationPlatforms) = preSolution
		Debug|Any CPU = Debug|Any CPU
		Release|Any CPU = Release|Any CPU
	EndGlobalSection
	GlobalSection(ProjectConfigurationPlatforms) = postSolution
		{9302C6D9-F975-4379-8597-E9878CCB6BCD}.Debug|Any CPU.ActiveCfg = Debug|Any CPU
		{9302C6D9-F975-4379-8597-E9878CCB6BCD}.Debug|Any CPU.Build.0 = Debug|Any CPU
		{9302C6D9-F975-4379-8597-E9878CCB6BCD}.Release|Any CPU.ActiveCfg = Release|Any CPU
		{9302C6D9-F975-4379-8597-E9878CCB6BCD}.Release|Any CPU.Build.0 = Release|Any CPU
		{C6316872-54C0-4876-9E00-6499F2C563F9}.Debug|Any CPU.ActiveCfg = Debug|Any CPU
		{C6316872-54C0-4876-9E00-6499F2C563F9}.Debug|Any CPU.Build.0 = Debug|Any CPU
		{C6316872-54C0-4876-9E00-6499F2C563F9}.Release|Any CPU.ActiveCfg = Release|Any CPU
		{C6316872-54C0-4876-9E00-6499F2C563F9}.Release|Any CPU.Build.0 = Release|Any CPU
	EndGlobalSection
	GlobalSection(SolutionProperties) = preSolution
		HideSolutionNode = FALSE
	EndGlobalSection
	GlobalSection(ExtensibilityGlobals) = postSolution
		SolutionGuid = {8CB7334F-A31E-41F5-9CAC-DEB1DEA06FA5}
	EndGlobalSection
EndGlobal
