
Microsoft Visual Studio Solution File, Format Version 12.00
# Visual Studio Version 16
VisualStudioVersion = 16.0.31205.134
MinimumVisualStudioVersion = 10.0.40219.1
Project("{FAE04EC0-301F-11D3-BF4B-00C04F79EFBC}") = "Ejercicio45", "Ejercicio42\Ejercicio45.csproj", "{A38849BB-62AD-491A-B588-BDD6ECA30CA6}"
EndProject
Project("{FAE04EC0-301F-11D3-BF4B-00C04F79EFBC}") = "UnitTestEjercicio45", "UnitTestEjercicio45\UnitTestEjercicio45.csproj", "{D5C6326E-733A-4763-AC36-7DDCEFC62FCD}"
EndProject
Global
	GlobalSection(SolutionConfigurationPlatforms) = preSolution
		Debug|Any CPU = Debug|Any CPU
		Release|Any CPU = Release|Any CPU
	EndGlobalSection
	GlobalSection(ProjectConfigurationPlatforms) = postSolution
		{A38849BB-62AD-491A-B588-BDD6ECA30CA6}.Debug|Any CPU.ActiveCfg = Debug|Any CPU
		{A38849BB-62AD-491A-B588-BDD6ECA30CA6}.Debug|Any CPU.Build.0 = Debug|Any CPU
		{A38849BB-62AD-491A-B588-BDD6ECA30CA6}.Release|Any CPU.ActiveCfg = Release|Any CPU
		{A38849BB-62AD-491A-B588-BDD6ECA30CA6}.Release|Any CPU.Build.0 = Release|Any CPU
		{D5C6326E-733A-4763-AC36-7DDCEFC62FCD}.Debug|Any CPU.ActiveCfg = Debug|Any CPU
		{D5C6326E-733A-4763-AC36-7DDCEFC62FCD}.Debug|Any CPU.Build.0 = Debug|Any CPU
		{D5C6326E-733A-4763-AC36-7DDCEFC62FCD}.Release|Any CPU.ActiveCfg = Release|Any CPU
		{D5C6326E-733A-4763-AC36-7DDCEFC62FCD}.Release|Any CPU.Build.0 = Release|Any CPU
	EndGlobalSection
	GlobalSection(SolutionProperties) = preSolution
		HideSolutionNode = FALSE
	EndGlobalSection
	GlobalSection(ExtensibilityGlobals) = postSolution
		SolutionGuid = {272AF239-DB39-4D31-B3F1-1977BF03CFE9}
	EndGlobalSection
EndGlobal
