
Microsoft Visual Studio Solution File, Format Version 12.00
# Visual Studio Version 16
VisualStudioVersion = 16.0.31205.134
MinimumVisualStudioVersion = 10.0.40219.1
Project("{FAE04EC0-301F-11D3-BF4B-00C04F79EFBC}") = "ConstructorEstatico", "ConstructorEstatico\ConstructorEstatico.csproj", "{AB58F298-1C48-479E-B938-93905A21106D}"
EndProject
Global
	GlobalSection(SolutionConfigurationPlatforms) = preSolution
		Debug|Any CPU = Debug|Any CPU
		Release|Any CPU = Release|Any CPU
	EndGlobalSection
	GlobalSection(ProjectConfigurationPlatforms) = postSolution
		{AB58F298-1C48-479E-B938-93905A21106D}.Debug|Any CPU.ActiveCfg = Debug|Any CPU
		{AB58F298-1C48-479E-B938-93905A21106D}.Debug|Any CPU.Build.0 = Debug|Any CPU
		{AB58F298-1C48-479E-B938-93905A21106D}.Release|Any CPU.ActiveCfg = Release|Any CPU
		{AB58F298-1C48-479E-B938-93905A21106D}.Release|Any CPU.Build.0 = Release|Any CPU
	EndGlobalSection
	GlobalSection(SolutionProperties) = preSolution
		HideSolutionNode = FALSE
	EndGlobalSection
	GlobalSection(ExtensibilityGlobals) = postSolution
		SolutionGuid = {9B7F75E0-C4C6-46C3-BD71-6DC214CB0D03}
	EndGlobalSection
EndGlobal
