
Microsoft Visual Studio Solution File, Format Version 12.00
# Visual Studio Version 16
VisualStudioVersion = 16.0.31105.61
MinimumVisualStudioVersion = 10.0.40219.1
Project("{FAE04EC0-301F-11D3-BF4B-00C04F79EFBC}") = "Clases", "Clases\Clases.csproj", "{71DCCB6F-4C84-479C-833E-F53CFBB6F175}"
EndProject
Project("{FAE04EC0-301F-11D3-BF4B-00C04F79EFBC}") = "Entidades", "Entidades\Entidades.csproj", "{67EFFF32-7FB6-406F-B54A-A91F87649D7A}"
EndProject
Global
	GlobalSection(SolutionConfigurationPlatforms) = preSolution
		Debug|Any CPU = Debug|Any CPU
		Release|Any CPU = Release|Any CPU
	EndGlobalSection
	GlobalSection(ProjectConfigurationPlatforms) = postSolution
		{71DCCB6F-4C84-479C-833E-F53CFBB6F175}.Debug|Any CPU.ActiveCfg = Debug|Any CPU
		{71DCCB6F-4C84-479C-833E-F53CFBB6F175}.Debug|Any CPU.Build.0 = Debug|Any CPU
		{71DCCB6F-4C84-479C-833E-F53CFBB6F175}.Release|Any CPU.ActiveCfg = Release|Any CPU
		{71DCCB6F-4C84-479C-833E-F53CFBB6F175}.Release|Any CPU.Build.0 = Release|Any CPU
		{67EFFF32-7FB6-406F-B54A-A91F87649D7A}.Debug|Any CPU.ActiveCfg = Debug|Any CPU
		{67EFFF32-7FB6-406F-B54A-A91F87649D7A}.Debug|Any CPU.Build.0 = Debug|Any CPU
		{67EFFF32-7FB6-406F-B54A-A91F87649D7A}.Release|Any CPU.ActiveCfg = Release|Any CPU
		{67EFFF32-7FB6-406F-B54A-A91F87649D7A}.Release|Any CPU.Build.0 = Release|Any CPU
	EndGlobalSection
	GlobalSection(SolutionProperties) = preSolution
		HideSolutionNode = FALSE
	EndGlobalSection
	GlobalSection(ExtensibilityGlobals) = postSolution
		SolutionGuid = {BA54EF02-FEB0-479F-B0BF-BADB8AFA7584}
	EndGlobalSection
EndGlobal
