
Microsoft Visual Studio Solution File, Format Version 12.00
# Visual Studio Version 16
VisualStudioVersion = 16.0.31402.337
MinimumVisualStudioVersion = 10.0.40219.1
Project("{FAE04EC0-301F-11D3-BF4B-00C04F79EFBC}") = "Entidades", "Entidades\Entidades.csproj", "{18230BD9-1BE8-4C8C-94C4-DAF69C9FB29E}"
EndProject
Project("{FAE04EC0-301F-11D3-BF4B-00C04F79EFBC}") = "FrmPrincipal", "FrmPrincipal\FrmPrincipal.csproj", "{8966EAB2-1669-46EB-A2EA-4DC9A961C365}"
EndProject
Global
	GlobalSection(SolutionConfigurationPlatforms) = preSolution
		Debug|Any CPU = Debug|Any CPU
		Release|Any CPU = Release|Any CPU
	EndGlobalSection
	GlobalSection(ProjectConfigurationPlatforms) = postSolution
		{18230BD9-1BE8-4C8C-94C4-DAF69C9FB29E}.Debug|Any CPU.ActiveCfg = Debug|Any CPU
		{18230BD9-1BE8-4C8C-94C4-DAF69C9FB29E}.Debug|Any CPU.Build.0 = Debug|Any CPU
		{18230BD9-1BE8-4C8C-94C4-DAF69C9FB29E}.Release|Any CPU.ActiveCfg = Release|Any CPU
		{18230BD9-1BE8-4C8C-94C4-DAF69C9FB29E}.Release|Any CPU.Build.0 = Release|Any CPU
		{8966EAB2-1669-46EB-A2EA-4DC9A961C365}.Debug|Any CPU.ActiveCfg = Debug|Any CPU
		{8966EAB2-1669-46EB-A2EA-4DC9A961C365}.Debug|Any CPU.Build.0 = Debug|Any CPU
		{8966EAB2-1669-46EB-A2EA-4DC9A961C365}.Release|Any CPU.ActiveCfg = Release|Any CPU
		{8966EAB2-1669-46EB-A2EA-4DC9A961C365}.Release|Any CPU.Build.0 = Release|Any CPU
	EndGlobalSection
	GlobalSection(SolutionProperties) = preSolution
		HideSolutionNode = FALSE
	EndGlobalSection
	GlobalSection(ExtensibilityGlobals) = postSolution
		SolutionGuid = {FA97CBF5-4EBE-47D8-939C-FEAC90475248}
	EndGlobalSection
EndGlobal
