
Microsoft Visual Studio Solution File, Format Version 12.00
# Visual Studio Version 16
VisualStudioVersion = 16.0.31402.337
MinimumVisualStudioVersion = 10.0.40219.1
Project("{FAE04EC0-301F-11D3-BF4B-00C04F79EFBC}") = "Ejercicio72", "Ejercicio72\Ejercicio72.csproj", "{D04C2B28-E483-41A7-A087-9E8DB895E472}"
EndProject
Global
	GlobalSection(SolutionConfigurationPlatforms) = preSolution
		Debug|Any CPU = Debug|Any CPU
		Release|Any CPU = Release|Any CPU
	EndGlobalSection
	GlobalSection(ProjectConfigurationPlatforms) = postSolution
		{D04C2B28-E483-41A7-A087-9E8DB895E472}.Debug|Any CPU.ActiveCfg = Debug|Any CPU
		{D04C2B28-E483-41A7-A087-9E8DB895E472}.Debug|Any CPU.Build.0 = Debug|Any CPU
		{D04C2B28-E483-41A7-A087-9E8DB895E472}.Release|Any CPU.ActiveCfg = Release|Any CPU
		{D04C2B28-E483-41A7-A087-9E8DB895E472}.Release|Any CPU.Build.0 = Release|Any CPU
	EndGlobalSection
	GlobalSection(SolutionProperties) = preSolution
		HideSolutionNode = FALSE
	EndGlobalSection
	GlobalSection(ExtensibilityGlobals) = postSolution
		SolutionGuid = {002B6EA2-6DB3-4744-95FA-B55EF3E34B18}
	EndGlobalSection
EndGlobal
